// !$*UTF8*$!
{
	archiveVersion = 1;
	classes = {
	};
	objectVersion = 50;
	objects = {

/* Begin PBXBuildFile section */
		DEB4667C23173DBC00CD1AB2 /* AppDelegate.swift in Sources */ = {isa = PBXBuildFile; fileRef = DEB4667B23173DBC00CD1AB2 /* AppDelegate.swift */; };
		DEB4667E23173DBC00CD1AB2 /* ViewController.swift in Sources */ = {isa = PBXBuildFile; fileRef = DEB4667D23173DBC00CD1AB2 /* ViewController.swift */; };
		DEB4668123173DBC00CD1AB2 /* Main.storyboard in Resources */ = {isa = PBXBuildFile; fileRef = DEB4667F23173DBC00CD1AB2 /* Main.storyboard */; };
		DEB4668323173DBE00CD1AB2 /* Assets.xcassets in Resources */ = {isa = PBXBuildFile; fileRef = DEB4668223173DBE00CD1AB2 /* Assets.xcassets */; };
		DEB4668623173DBE00CD1AB2 /* LaunchScreen.storyboard in Resources */ = {isa = PBXBuildFile; fileRef = DEB4668423173DBE00CD1AB2 /* LaunchScreen.storyboard */; };
		DEB4669123173DBE00CD1AB2 /* TipCalculatorTests.swift in Sources */ = {isa = PBXBuildFile; fileRef = DEB4669023173DBE00CD1AB2 /* TipCalculatorTests.swift */; };
		DEB4669C23173DBE00CD1AB2 /* TipCalculatorUITests.swift in Sources */ = {isa = PBXBuildFile; fileRef = DEB4669B23173DBE00CD1AB2 /* TipCalculatorUITests.swift */; };
/* End PBXBuildFile section */

/* Begin PBXContainerItemProxy section */
		DEB4668D23173DBE00CD1AB2 /* PBXContainerItemProxy */ = {
			isa = PBXContainerItemProxy;
			containerPortal = DEB4667023173DBC00CD1AB2 /* Project object */;
			proxyType = 1;
			remoteGlobalIDString = DEB4667723173DBC00CD1AB2;
			remoteInfo = TipCalculator;
		};
		DEB4669823173DBE00CD1AB2 /* PBXContainerItemProxy */ = {
			isa = PBXContainerItemProxy;
			containerPortal = DEB4667023173DBC00CD1AB2 /* Project object */;
			proxyType = 1;
			remoteGlobalIDString = DEB4667723173DBC00CD1AB2;
			remoteInfo = TipCalculator;
		};
/* End PBXContainerItemProxy section */

/* Begin PBXFileReference section */
		DEB4667823173DBC00CD1AB2 /* TipCalculator.app */ = {isa = PBXFileReference; explicitFileType = wrapper.application; includeInIndex = 0; path = TipCalculator.app; sourceTree = BUILT_PRODUCTS_DIR; };
		DEB4667B23173DBC00CD1AB2 /* AppDelegate.swift */ = {isa = PBXFileReference; lastKnownFileType = sourcecode.swift; path = AppDelegate.swift; sourceTree = "<group>"; };
		DEB4667D23173DBC00CD1AB2 /* ViewController.swift */ = {isa = PBXFileReference; lastKnownFileType = sourcecode.swift; path = ViewController.swift; sourceTree = "<group>"; };
		DEB4668023173DBC00CD1AB2 /* Base */ = {isa = PBXFileReference; lastKnownFileType = file.storyboard; name = Base; path = Base.lproj/Main.storyboard; sourceTree = "<group>"; };
		DEB4668223173DBE00CD1AB2 /* Assets.xcassets */ = {isa = PBXFileReference; lastKnownFileType = folder.assetcatalog; path = Assets.xcassets; sourceTree = "<group>"; };
		DEB4668523173DBE00CD1AB2 /* Base */ = {isa = PBXFileReference; lastKnownFileType = file.storyboard; name = Base; path = Base.lproj/LaunchScreen.storyboard; sourceTree = "<group>"; };
		DEB4668723173DBE00CD1AB2 /* Info.plist */ = {isa = PBXFileReference; lastKnownFileType = text.plist.xml; path = Info.plist; sourceTree = "<group>"; };
		DEB4668C23173DBE00CD1AB2 /* TipCalculatorTests.xctest */ = {isa = PBXFileReference; explicitFileType = wrapper.cfbundle; includeInIndex = 0; path = TipCalculatorTests.xctest; sourceTree = BUILT_PRODUCTS_DIR; };
		DEB4669023173DBE00CD1AB2 /* TipCalculatorTests.swift */ = {isa = PBXFileReference; lastKnownFileType = sourcecode.swift; path = TipCalculatorTests.swift; sourceTree = "<group>"; };
		DEB4669223173DBE00CD1AB2 /* Info.plist */ = {isa = PBXFileReference; lastKnownFileType = text.plist.xml; path = Info.plist; sourceTree = "<group>"; };
		DEB4669723173DBE00CD1AB2 /* TipCalculatorUITests.xctest */ = {isa = PBXFileReference; explicitFileType = wrapper.cfbundle; includeInIndex = 0; path = TipCalculatorUITests.xctest; sourceTree = BUILT_PRODUCTS_DIR; };
		DEB4669B23173DBE00CD1AB2 /* TipCalculatorUITests.swift */ = {isa = PBXFileReference; lastKnownFileType = sourcecode.swift; path = TipCalculatorUITests.swift; sourceTree = "<group>"; };
		DEB4669D23173DBE00CD1AB2 /* Info.plist */ = {isa = PBXFileReference; lastKnownFileType = text.plist.xml; path = Info.plist; sourceTree = "<group>"; };
/* End PBXFileReference section */

/* Begin PBXFrameworksBuildPhase section */
		DEB4667523173DBC00CD1AB2 /* Frameworks */ = {
			isa = PBXFrameworksBuildPhase;
			buildActionMask = 2147483647;
			files = (
			);
			runOnlyForDeploymentPostprocessing = 0;
		};
		DEB4668923173DBE00CD1AB2 /* Frameworks */ = {
			isa = PBXFrameworksBuildPhase;
			buildActionMask = 2147483647;
			files = (
			);
			runOnlyForDeploymentPostprocessing = 0;
		};
		DEB4669423173DBE00CD1AB2 /* Frameworks */ = {
			isa = PBXFrameworksBuildPhase;
			buildActionMask = 2147483647;
			files = (
			);
			runOnlyForDeploymentPostprocessing = 0;
		};
/* End PBXFrameworksBuildPhase section */

/* Begin PBXGroup section */
		DEB4666F23173DBC00CD1AB2 = {
			isa = PBXGroup;
			children = (
				DEB4667A23173DBC00CD1AB2 /* TipCalculator */,
				DEB4668F23173DBE00CD1AB2 /* TipCalculatorTests */,
				DEB4669A23173DBE00CD1AB2 /* TipCalculatorUITests */,
				DEB4667923173DBC00CD1AB2 /* Products */,
			);
			sourceTree = "<group>";
		};
		DEB4667923173DBC00CD1AB2 /* Products */ = {
			isa = PBXGroup;
			children = (
				DEB4667823173DBC00CD1AB2 /* TipCalculator.app */,
				DEB4668C23173DBE00CD1AB2 /* TipCalculatorTests.xctest */,
				DEB4669723173DBE00CD1AB2 /* TipCalculatorUITests.xctest */,
			);
			name = Products;
			sourceTree = "<group>";
		};
		DEB4667A23173DBC00CD1AB2 /* TipCalculator */ = {
			isa = PBXGroup;
			children = (
				DEB4667B23173DBC00CD1AB2 /* AppDelegate.swift */,
				DEB4667D23173DBC00CD1AB2 /* ViewController.swift */,
				DEB4667F23173DBC00CD1AB2 /* Main.storyboard */,
				DEB4668223173DBE00CD1AB2 /* Assets.xcassets */,
				DEB4668423173DBE00CD1AB2 /* LaunchScreen.storyboard */,
				DEB4668723173DBE00CD1AB2 /* Info.plist */,
			);
			path = TipCalculator;
			sourceTree = "<group>";
		};
		DEB4668F23173DBE00CD1AB2 /* TipCalculatorTests */ = {
			isa = PBXGroup;
			children = (
				DEB4669023173DBE00CD1AB2 /* TipCalculatorTests.swift */,
				DEB4669223173DBE00CD1AB2 /* Info.plist */,
			);
			path = TipCalculatorTests;
			sourceTree = "<group>";
		};
		DEB4669A23173DBE00CD1AB2 /* TipCalculatorUITests */ = {
			isa = PBXGroup;
			children = (
				DEB4669B23173DBE00CD1AB2 /* TipCalculatorUITests.swift */,
				DEB4669D23173DBE00CD1AB2 /* Info.plist */,
			);
			path = TipCalculatorUITests;
			sourceTree = "<group>";
		};
/* End PBXGroup section */

/* Begin PBXNativeTarget section */
		DEB4667723173DBC00CD1AB2 /* TipCalculator */ = {
			isa = PBXNativeTarget;
			buildConfigurationList = DEB466A023173DBE00CD1AB2 /* Build configuration list for PBXNativeTarget "TipCalculator" */;
			buildPhases = (
				DEB4667423173DBC00CD1AB2 /* Sources */,
				DEB4667523173DBC00CD1AB2 /* Frameworks */,
				DEB4667623173DBC00CD1AB2 /* Resources */,
			);
			buildRules = (
			);
			dependencies = (
			);
			name = TipCalculator;
			productName = TipCalculator;
			productReference = DEB4667823173DBC00CD1AB2 /* TipCalculator.app */;
			productType = "com.apple.product-type.application";
		};
		DEB4668B23173DBE00CD1AB2 /* TipCalculatorTests */ = {
			isa = PBXNativeTarget;
			buildConfigurationList = DEB466A323173DBE00CD1AB2 /* Build configuration list for PBXNativeTarget "TipCalculatorTests" */;
			buildPhases = (
				DEB4668823173DBE00CD1AB2 /* Sources */,
				DEB4668923173DBE00CD1AB2 /* Frameworks */,
				DEB4668A23173DBE00CD1AB2 /* Resources */,
			);
			buildRules = (
			);
			dependencies = (
				DEB4668E23173DBE00CD1AB2 /* PBXTargetDependency */,
			);
			name = TipCalculatorTests;
			productName = TipCalculatorTests;
			productReference = DEB4668C23173DBE00CD1AB2 /* TipCalculatorTests.xctest */;
			productType = "com.apple.product-type.bundle.unit-test";
		};
		DEB4669623173DBE00CD1AB2 /* TipCalculatorUITests */ = {
			isa = PBXNativeTarget;
			buildConfigurationList = DEB466A623173DBE00CD1AB2 /* Build configuration list for PBXNativeTarget "TipCalculatorUITests" */;
			buildPhases = (
				DEB4669323173DBE00CD1AB2 /* Sources */,
				DEB4669423173DBE00CD1AB2 /* Frameworks */,
				DEB4669523173DBE00CD1AB2 /* Resources */,
			);
			buildRules = (
			);
			dependencies = (
				DEB4669923173DBE00CD1AB2 /* PBXTargetDependency */,
			);
			name = TipCalculatorUITests;
			productName = TipCalculatorUITests;
			productReference = DEB4669723173DBE00CD1AB2 /* TipCalculatorUITests.xctest */;
			productType = "com.apple.product-type.bundle.ui-testing";
		};
/* End PBXNativeTarget section */

/* Begin PBXProject section */
		DEB4667023173DBC00CD1AB2 /* Project object */ = {
			isa = PBXProject;
			attributes = {
				LastSwiftUpdateCheck = 1030;
				LastUpgradeCheck = 1030;
				ORGANIZATIONNAME = "Santiago Bruno";
				TargetAttributes = {
					DEB4667723173DBC00CD1AB2 = {
						CreatedOnToolsVersion = 10.3;
					};
					DEB4668B23173DBE00CD1AB2 = {
						CreatedOnToolsVersion = 10.3;
						TestTargetID = DEB4667723173DBC00CD1AB2;
					};
					DEB4669623173DBE00CD1AB2 = {
						CreatedOnToolsVersion = 10.3;
						TestTargetID = DEB4667723173DBC00CD1AB2;
					};
				};
			};
			buildConfigurationList = DEB4667323173DBC00CD1AB2 /* Build configuration list for PBXProject "TipCalculator" */;
			compatibilityVersion = "Xcode 9.3";
			developmentRegion = en;
			hasScannedForEncodings = 0;
			knownRegions = (
				en,
				Base,
			);
			mainGroup = DEB4666F23173DBC00CD1AB2;
			productRefGroup = DEB4667923173DBC00CD1AB2 /* Products */;
			projectDirPath = "";
			projectRoot = "";
			targets = (
				DEB4667723173DBC00CD1AB2 /* TipCalculator */,
				DEB4668B23173DBE00CD1AB2 /* TipCalculatorTests */,
				DEB4669623173DBE00CD1AB2 /* TipCalculatorUITests */,
			);
		};
/* End PBXProject section */

/* Begin PBXResourcesBuildPhase section */
		DEB4667623173DBC00CD1AB2 /* Resources */ = {
			isa = PBXResourcesBuildPhase;
			buildActionMask = 2147483647;
			files = (
				DEB4668623173DBE00CD1AB2 /* LaunchScreen.storyboard in Resources */,
				DEB4668323173DBE00CD1AB2 /* Assets.xcassets in Resources */,
				DEB4668123173DBC00CD1AB2 /* Main.storyboard in Resources */,
			);
			runOnlyForDeploymentPostprocessing = 0;
		};
		DEB4668A23173DBE00CD1AB2 /* Resources */ = {
			isa = PBXResourcesBuildPhase;
			buildActionMask = 2147483647;
			files = (
			);
			runOnlyForDeploymentPostprocessing = 0;
		};
		DEB4669523173DBE00CD1AB2 /* Resources */ = {
			isa = PBXResourcesBuildPhase;
			buildActionMask = 2147483647;
			files = (
			);
			runOnlyForDeploymentPostprocessing = 0;
		};
/* End PBXResourcesBuildPhase section */

/* Begin PBXSourcesBuildPhase section */
		DEB4667423173DBC00CD1AB2 /* Sources */ = {
			isa = PBXSourcesBuildPhase;
			buildActionMask = 2147483647;
			files = (
				DEB4667E23173DBC00CD1AB2 /* ViewController.swift in Sources */,
				DEB4667C23173DBC00CD1AB2 /* AppDelegate.swift in Sources */,
			);
			runOnlyForDeploymentPostprocessing = 0;
		};
		DEB4668823173DBE00CD1AB2 /* Sources */ = {
			isa = PBXSourcesBuildPhase;
			buildActionMask = 2147483647;
			files = (
				DEB4669123173DBE00CD1AB2 /* TipCalculatorTests.swift in Sources */,
			);
			runOnlyForDeploymentPostprocessing = 0;
		};
		DEB4669323173DBE00CD1AB2 /* Sources */ = {
			isa = PBXSourcesBuildPhase;
			buildActionMask = 2147483647;
			files = (
				DEB4669C23173DBE00CD1AB2 /* TipCalculatorUITests.swift in Sources */,
			);
			runOnlyForDeploymentPostprocessing = 0;
		};
/* End PBXSourcesBuildPhase section */

/* Begin PBXTargetDependency section */
		DEB4668E23173DBE00CD1AB2 /* PBXTargetDependency */ = {
			isa = PBXTargetDependency;
			target = DEB4667723173DBC00CD1AB2 /* TipCalculator */;
			targetProxy = DEB4668D23173DBE00CD1AB2 /* PBXContainerItemProxy */;
		};
		DEB4669923173DBE00CD1AB2 /* PBXTargetDependency */ = {
			isa = PBXTargetDependency;
			target = DEB4667723173DBC00CD1AB2 /* TipCalculator */;
			targetProxy = DEB4669823173DBE00CD1AB2 /* PBXContainerItemProxy */;
		};
/* End PBXTargetDependency section */

/* Begin PBXVariantGroup section */
		DEB4667F23173DBC00CD1AB2 /* Main.storyboard */ = {
			isa = PBXVariantGroup;
			children = (
				DEB4668023173DBC00CD1AB2 /* Base */,
			);
			name = Main.storyboard;
			sourceTree = "<group>";
		};
		DEB4668423173DBE00CD1AB2 /* LaunchScreen.storyboard */ = {
			isa = PBXVariantGroup;
			children = (
				DEB4668523173DBE00CD1AB2 /* Base */,
			);
			name = LaunchScreen.storyboard;
			sourceTree = "<group>";
		};
/* End PBXVariantGroup section */

/* Begin XCBuildConfiguration section */
		DEB4669E23173DBE00CD1AB2 /* Debug */ = {
			isa = XCBuildConfiguration;
			buildSettings = {
				ALWAYS_SEARCH_USER_PATHS = NO;
				CLANG_ANALYZER_NONNULL = YES;
				CLANG_ANALYZER_NUMBER_OBJECT_CONVERSION = YES_AGGRESSIVE;
				CLANG_CXX_LANGUAGE_STANDARD = "gnu++14";
				CLANG_CXX_LIBRARY = "libc++";
				CLANG_ENABLE_MODULES = YES;
				CLANG_ENABLE_OBJC_ARC = YES;
				CLANG_ENABLE_OBJC_WEAK = YES;
				CLANG_WARN_BLOCK_CAPTURE_AUTORELEASING = YES;
				CLANG_WARN_BOOL_CONVERSION = YES;
				CLANG_WARN_COMMA = YES;
				CLANG_WARN_CONSTANT_CONVERSION = YES;
				CLANG_WARN_DEPRECATED_OBJC_IMPLEMENTATIONS = YES;
				CLANG_WARN_DIRECT_OBJC_ISA_USAGE = YES_ERROR;
				CLANG_WARN_DOCUMENTATION_COMMENTS = YES;
				CLANG_WARN_EMPTY_BODY = YES;
				CLANG_WARN_ENUM_CONVERSION = YES;
				CLANG_WARN_INFINITE_RECURSION = YES;
				CLANG_WARN_INT_CONVERSION = YES;
				CLANG_WARN_NON_LITERAL_NULL_CONVERSION = YES;
				CLANG_WARN_OBJC_IMPLICIT_RETAIN_SELF = YES;
				CLANG_WARN_OBJC_LITERAL_CONVERSION = YES;
				CLANG_WARN_OBJC_ROOT_CLASS = YES_ERROR;
				CLANG_WARN_RANGE_LOOP_ANALYSIS = YES;
				CLANG_WARN_STRICT_PROTOTYPES = YES;
				CLANG_WARN_SUSPICIOUS_MOVE = YES;
				CLANG_WARN_UNGUARDED_AVAILABILITY = YES_AGGRESSIVE;
				CLANG_WARN_UNREACHABLE_CODE = YES;
				CLANG_WARN__DUPLICATE_METHOD_MATCH = YES;
				CODE_SIGN_IDENTITY = "iPhone Developer";
				COPY_PHASE_STRIP = NO;
				DEBUG_INFORMATION_FORMAT = dwarf;
				ENABLE_STRICT_OBJC_MSGSEND = YES;
				ENABLE_TESTABILITY = YES;
				GCC_C_LANGUAGE_STANDARD = gnu11;
				GCC_DYNAMIC_NO_PIC = NO;
				GCC_NO_COMMON_BLOCKS = YES;
				GCC_OPTIMIZATION_LEVEL = 0;
				GCC_PREPROCESSOR_DEFINITIONS = (
					"DEBUG=1",
					"$(inherited)",
				);
				GCC_WARN_64_TO_32_BIT_CONVERSION = YES;
				GCC_WARN_ABOUT_RETURN_TYPE = YES_ERROR;
				GCC_WARN_UNDECLARED_SELECTOR = YES;
				GCC_WARN_UNINITIALIZED_AUTOS = YES_AGGRESSIVE;
				GCC_WARN_UNUSED_FUNCTION = YES;
				GCC_WARN_UNUSED_VARIABLE = YES;
				IPHONEOS_DEPLOYMENT_TARGET = 12.4;
				MTL_ENABLE_DEBUG_INFO = INCLUDE_SOURCE;
				MTL_FAST_MATH = YES;
				ONLY_ACTIVE_ARCH = YES;
				SDKROOT = iphoneos;
				SWIFT_ACTIVE_COMPILATION_CONDITIONS = DEBUG;
				SWIFT_OPTIMIZATION_LEVEL = "-Onone";
			};
			name = Debug;
		};
		DEB4669F23173DBE00CD1AB2 /* Release */ = {
			isa = XCBuildConfiguration;
			buildSettings = {
				ALWAYS_SEARCH_USER_PATHS = NO;
				CLANG_ANALYZER_NONNULL = YES;
				CLANG_ANALYZER_NUMBER_OBJECT_CONVERSION = YES_AGGRESSIVE;
				CLANG_CXX_LANGUAGE_STANDARD = "gnu++14";
				CLANG_CXX_LIBRARY = "libc++";
				CLANG_ENABLE_MODULES = YES;
				CLANG_ENABLE_OBJC_ARC = YES;
				CLANG_ENABLE_OBJC_WEAK = YES;
				CLANG_WARN_BLOCK_CAPTURE_AUTORELEASING = YES;
				CLANG_WARN_BOOL_CONVERSION = YES;
				CLANG_WARN_COMMA = YES;
				CLANG_WARN_CONSTANT_CONVERSION = YES;
				CLANG_WARN_DEPRECATED_OBJC_IMPLEMENTATIONS = YES;
				CLANG_WARN_DIRECT_OBJC_ISA_USAGE = YES_ERROR;
				CLANG_WARN_DOCUMENTATION_COMMENTS = YES;
				CLANG_WARN_EMPTY_BODY = YES;
				CLANG_WARN_ENUM_CONVERSION = YES;
				CLANG_WARN_INFINITE_RECURSION = YES;
				CLANG_WARN_INT_CONVERSION = YES;
				CLANG_WARN_NON_LITERAL_NULL_CONVERSION = YES;
				CLANG_WARN_OBJC_IMPLICIT_RETAIN_SELF = YES;
				CLANG_WARN_OBJC_LITERAL_CONVERSION = YES;
				CLANG_WARN_OBJC_ROOT_CLASS = YES_ERROR;
				CLANG_WARN_RANGE_LOOP_ANALYSIS = YES;
				CLANG_WARN_STRICT_PROTOTYPES = YES;
				CLANG_WARN_SUSPICIOUS_MOVE = YES;
				CLANG_WARN_UNGUARDED_AVAILABILITY = YES_AGGRESSIVE;
				CLANG_WARN_UNREACHABLE_CODE = YES;
				CLANG_WARN__DUPLICATE_METHOD_MATCH = YES;
				CODE_SIGN_IDENTITY = "iPhone Developer";
				COPY_PHASE_STRIP = NO;
				DEBUG_INFORMATION_FORMAT = "dwarf-with-dsym";
				ENABLE_NS_ASSERTIONS = NO;
				ENABLE_STRICT_OBJC_MSGSEND = YES;
				GCC_C_LANGUAGE_STANDARD = gnu11;
				GCC_NO_COMMON_BLOCKS = YES;
				GCC_WARN_64_TO_32_BIT_CONVERSION = YES;
				GCC_WARN_ABOUT_RETURN_TYPE = YES_ERROR;
				GCC_WARN_UNDECLARED_SELECTOR = YES;
				GCC_WARN_UNINITIALIZED_AUTOS = YES_AGGRESSIVE;
				GCC_WARN_UNUSED_FUNCTION = YES;
				GCC_WARN_UNUSED_VARIABLE = YES;
				IPHONEOS_DEPLOYMENT_TARGET = 12.4;
				MTL_ENABLE_DEBUG_INFO = NO;
				MTL_FAST_MATH = YES;
				SDKROOT = iphoneos;
				SWIFT_COMPILATION_MODE = wholemodule;
				SWIFT_OPTIMIZATION_LEVEL = "-O";
				VALIDATE_PRODUCT = YES;
			};
			name = Release;
		};
		DEB466A123173DBE00CD1AB2 /* Debug */ = {
			isa = XCBuildConfiguration;
			buildSettings = {
				ASSETCATALOG_COMPILER_APPICON_NAME = AppIcon;
				CODE_SIGN_IDENTITY = "iPhone Developer";
				CODE_SIGN_STYLE = Automatic;
				DEVELOPMENT_TEAM = VV263RMX79;
				INFOPLIST_FILE = TipCalculator/Info.plist;
				LD_RUNPATH_SEARCH_PATHS = (
					"$(inherited)",
					"@executable_path/Frameworks",
				);
				PRODUCT_BUNDLE_IDENTIFIER = "Santiago-Bruno.TipCalculator";
				PRODUCT_NAME = "$(TARGET_NAME)";
				PROVISIONING_PROFILE_SPECIFIER = "";
				SWIFT_VERSION = 5.0;
				TARGETED_DEVICE_FAMILY = "1,2";
			};
			name = Debug;
		};
		DEB466A223173DBE00CD1AB2 /* Release */ = {
			isa = XCBuildConfiguration;
			buildSettings = {
				ASSETCATALOG_COMPILER_APPICON_NAME = AppIcon;
				CODE_SIGN_IDENTITY = "iPhone Developer";
				CODE_SIGN_STYLE = Automatic;
				DEVELOPMENT_TEAM = VV263RMX79;
				INFOPLIST_FILE = TipCalculator/Info.plist;
				LD_RUNPATH_SEARCH_PATHS = (
					"$(inherited)",
					"@executable_path/Frameworks",
				);
				PRODUCT_BUNDLE_IDENTIFIER = "Santiago-Bruno.TipCalculator";
				PRODUCT_NAME = "$(TARGET_NAME)";
				PROVISIONING_PROFILE_SPECIFIER = "";
				SWIFT_VERSION = 5.0;
				TARGETED_DEVICE_FAMILY = "1,2";
			};
			name = Release;
		};
		DEB466A423173DBE00CD1AB2 /* Debug */ = {
			isa = XCBuildConfiguration;
			buildSettings = {
				ALWAYS_EMBED_SWIFT_STANDARD_LIBRARIES = YES;
				BUNDLE_LOADER = "$(TEST_HOST)";
				CODE_SIGN_STYLE = Automatic;
				INFOPLIST_FILE = TipCalculatorTests/Info.plist;
				LD_RUNPATH_SEARCH_PATHS = (
					"$(inherited)",
					"@executable_path/Frameworks",
					"@loader_path/Frameworks",
				);
				PRODUCT_BUNDLE_IDENTIFIER = "Santiago-Bruno.TipCalculatorTests";
				PRODUCT_NAME = "$(TARGET_NAME)";
				SWIFT_VERSION = 5.0;
				TARGETED_DEVICE_FAMILY = "1,2";
				TEST_HOST = "$(BUILT_PRODUCTS_DIR)/TipCalculator.app/TipCalculator";
			};
			name = Debug;
		};
		DEB466A523173DBE00CD1AB2 /* Release */ = {
			isa = XCBuildConfiguration;
			buildSettings = {
				ALWAYS_EMBED_SWIFT_STANDARD_LIBRARIES = YES;
				BUNDLE_LOADER = "$(TEST_HOST)";
				CODE_SIGN_STYLE = Automatic;
				INFOPLIST_FILE = TipCalculatorTests/Info.plist;
				LD_RUNPATH_SEARCH_PATHS = (
					"$(inherited)",
					"@executable_path/Frameworks",
					"@loader_path/Frameworks",
				);
				PRODUCT_BUNDLE_IDENTIFIER = "Santiago-Bruno.TipCalculatorTests";
				PRODUCT_NAME = "$(TARGET_NAME)";
				SWIFT_VERSION = 5.0;
				TARGETED_DEVICE_FAMILY = "1,2";
				TEST_HOST = "$(BUILT_PRODUCTS_DIR)/TipCalculator.app/TipCalculator";
			};
			name = Release;
		};
		DEB466A723173DBE00CD1AB2 /* Debug */ = {
			isa = XCBuildConfiguration;
			buildSettings = {
				ALWAYS_EMBED_SWIFT_STANDARD_LIBRARIES = YES;
				CODE_SIGN_STYLE = Automatic;
				INFOPLIST_FILE = TipCalculatorUITests/Info.plist;
				LD_RUNPATH_SEARCH_PATHS = (
					"$(inherited)",
					"@executable_path/Frameworks",
					"@loader_path/Frameworks",
				);
				PRODUCT_BUNDLE_IDENTIFIER = "Santiago-Bruno.TipCalculatorUITests";
				PRODUCT_NAME = "$(TARGET_NAME)";
				SWIFT_VERSION = 5.0;
				TARGETED_DEVICE_FAMILY = "1,2";
				TEST_TARGET_NAME = TipCalculator;
			};
			name = Debug;
		};
		DEB466A823173DBE00CD1AB2 /* Release */ = {
			isa = XCBuildConfiguration;
			buildSettings = {
				ALWAYS_EMBED_SWIFT_STANDARD_LIBRARIES = YES;
				CODE_SIGN_STYLE = Automatic;
				INFOPLIST_FILE = TipCalculatorUITests/Info.plist;
				LD_RUNPATH_SEARCH_PATHS = (
					"$(inherited)",
					"@executable_path/Frameworks",
					"@loader_path/Frameworks",
				);
				PRODUCT_BUNDLE_IDENTIFIER = "Santiago-Bruno.TipCalculatorUITests";
				PRODUCT_NAME = "$(TARGET_NAME)";
				SWIFT_VERSION = 5.0;
				TARGETED_DEVICE_FAMILY = "1,2";
				TEST_TARGET_NAME = TipCalculator;
			};
			name = Release;
		};
/* End XCBuildConfiguration section */

/* Begin XCConfigurationList section */
		DEB4667323173DBC00CD1AB2 /* Build configuration list for PBXProject "TipCalculator" */ = {
			isa = XCConfigurationList;
			buildConfigurations = (
				DEB4669E23173DBE00CD1AB2 /* Debug */,
				DEB4669F23173DBE00CD1AB2 /* Release */,
			);
			defaultConfigurationIsVisible = 0;
			defaultConfigurationName = Release;
		};
		DEB466A023173DBE00CD1AB2 /* Build configuration list for PBXNativeTarget "TipCalculator" */ = {
			isa = XCConfigurationList;
			buildConfigurations = (
				DEB466A123173DBE00CD1AB2 /* Debug */,
				DEB466A223173DBE00CD1AB2 /* Release */,
			);
			defaultConfigurationIsVisible = 0;
			defaultConfigurationName = Release;
		};
		DEB466A323173DBE00CD1AB2 /* Build configuration list for PBXNativeTarget "TipCalculatorTests" */ = {
			isa = XCConfigurationList;
			buildConfigurations = (
				DEB466A423173DBE00CD1AB2 /* Debug */,
				DEB466A523173DBE00CD1AB2 /* Release */,
			);
			defaultConfigurationIsVisible = 0;
			defaultConfigurationName = Release;
		};
		DEB466A623173DBE00CD1AB2 /* Build configuration list for PBXNativeTarget "TipCalculatorUITests" */ = {
			isa = XCConfigurationList;
			buildConfigurations = (
				DEB466A723173DBE00CD1AB2 /* Debug */,
				DEB466A823173DBE00CD1AB2 /* Release */,
			);
			defaultConfigurationIsVisible = 0;
			defaultConfigurationName = Release;
		};
/* End XCConfigurationList section */
	};
	rootObject = DEB4667023173DBC00CD1AB2 /* Project object */;
}
